
Microsoft Visual Studio Solution File, Format Version 11.00
# Visual Studio 2010
Project("{FAE04EC0-301F-11D3-BF4B-00C04F79EFBC}") = "WPFCustomMessageBox", "WPFCustomMessageBox\WPFCustomMessageBox.csproj", "{ED02D418-7C0E-4E6C-99A9-BE4357122AE7}"
EndProject
Project("{FAE04EC0-301F-11D3-BF4B-00C04F79EFBC}") = "CustomMessageBox Demo", "CustomMessageBoxDemo\CustomMessageBox Demo.csproj", "{BEB8F894-9C79-4D30-8061-C5570C1B159D}"
EndProject
Global
	GlobalSection(SolutionConfigurationPlatforms) = preSolution
		Debug|x86 = Debug|x86
		Release|x86 = Release|x86
	EndGlobalSection
	GlobalSection(ProjectConfigurationPlatforms) = postSolution
		{ED02D418-7C0E-4E6C-99A9-BE4357122AE7}.Debug|x86.ActiveCfg = Debug|x86
		{ED02D418-7C0E-4E6C-99A9-BE4357122AE7}.Debug|x86.Build.0 = Debug|x86
		{ED02D418-7C0E-4E6C-99A9-BE4357122AE7}.Release|x86.ActiveCfg = Release|x86
		{ED02D418-7C0E-4E6C-99A9-BE4357122AE7}.Release|x86.Build.0 = Release|x86
		{BEB8F894-9C79-4D30-8061-C5570C1B159D}.Debug|x86.ActiveCfg = Debug|x86
		{BEB8F894-9C79-4D30-8061-C5570C1B159D}.Debug|x86.Build.0 = Debug|x86
		{BEB8F894-9C79-4D30-8061-C5570C1B159D}.Release|x86.ActiveCfg = Release|x86
		{BEB8F894-9C79-4D30-8061-C5570C1B159D}.Release|x86.Build.0 = Release|x86
	EndGlobalSection
	GlobalSection(SolutionProperties) = preSolution
		HideSolutionNode = FALSE
	EndGlobalSection
EndGlobal
